
Microsoft Visual Studio Solution File, Format Version 12.00
# Visual Studio 14
VisualStudioVersion = 14.0.25420.1
MinimumVisualStudioVersion = 10.0.40219.1
Project("{2150E333-8FDC-42A3-9474-1A3956D46DE8}") = "Arrays", "Arrays", "{059427BF-4E39-4CA5-825F-978755BB5C4E}"
EndProject
Project("{FAE04EC0-301F-11D3-BF4B-00C04F79EFBC}") = "BasicArray", "BasicArray\BasicArray.csproj", "{B6D3F9EB-87D1-4E4A-B0FD-3CABCF202858}"
EndProject
Project("{FAE04EC0-301F-11D3-BF4B-00C04F79EFBC}") = "DeclareInitArray", "DeclareInitArray\DeclareInitArray.csproj", "{4AEC7E4A-BCDD-4B52-891F-57EFF2EF28D4}"
EndProject
Project("{FAE04EC0-301F-11D3-BF4B-00C04F79EFBC}") = "EnumerateArray", "EnumerateArray\EnumerateArray.csproj", "{E3CF42BD-859F-4C31-8314-CDFF64C3EF80}"
EndProject
Project("{FAE04EC0-301F-11D3-BF4B-00C04F79EFBC}") = "ForeachReadOnly", "ForeachReadOnly\ForeachReadOnly.csproj", "{4926B644-23E7-4930-91A7-A3BFFEBE1D17}"
EndProject
Project("{FAE04EC0-301F-11D3-BF4B-00C04F79EFBC}") = "ChangePerson", "ChangePerson\ChangePerson.csproj", "{76BE3585-49F3-40AE-A6BE-A913614ADB9C}"
EndProject
Project("{FAE04EC0-301F-11D3-BF4B-00C04F79EFBC}") = "ArrayAsRefTypes", "ArrayAsRefTypes\ArrayAsRefTypes.csproj", "{5E3842F7-DC57-4882-AE54-52763C0912D1}"
EndProject
Project("{FAE04EC0-301F-11D3-BF4B-00C04F79EFBC}") = "ArrayTyping", "ArrayTyping\ArrayTyping.csproj", "{E3342674-8E70-4B14-9F84-B6952F9AF96C}"
EndProject
Project("{FAE04EC0-301F-11D3-BF4B-00C04F79EFBC}") = "ArrayCovariance", "ArrayCovariance\ArrayCovariance.csproj", "{34AE1AC8-12EE-4B2B-8DF8-45E9558D41E1}"
EndProject
Project("{FAE04EC0-301F-11D3-BF4B-00C04F79EFBC}") = "BinarySearch", "BinarySearch\BinarySearch.csproj", "{25FE9699-1963-4ED9-AAD5-0DBB4E2EB233}"
EndProject
Project("{FAE04EC0-301F-11D3-BF4B-00C04F79EFBC}") = "ArrayCopy", "ArrayCopy\ArrayCopy.csproj", "{1FFB5B3C-640A-4A34-B7EC-4F5DF7D61EC6}"
EndProject
Project("{FAE04EC0-301F-11D3-BF4B-00C04F79EFBC}") = "ReverseArray", "ReverseArray\ReverseArray.csproj", "{17A6121E-2D14-49A1-9E9C-5FBFA959839D}"
EndProject
Project("{FAE04EC0-301F-11D3-BF4B-00C04F79EFBC}") = "SortArray", "SortArray\SortArray.csproj", "{510D7BD7-8864-467C-9445-8C607A0E4692}"
EndProject
Project("{FAE04EC0-301F-11D3-BF4B-00C04F79EFBC}") = "FindElements", "FindElements\FindElements.csproj", "{C0A0BB45-273A-4703-AA9E-011DFFD9ABCA}"
EndProject
Project("{FAE04EC0-301F-11D3-BF4B-00C04F79EFBC}") = "Count", "Count\Count.csproj", "{DE0ED009-F5C6-4F99-97F5-E599EAB598BA}"
EndProject
Project("{FAE04EC0-301F-11D3-BF4B-00C04F79EFBC}") = "AddToList", "AddToList\AddToList.csproj", "{962F882E-B3D6-4BD5-9FB7-119731E4B06A}"
EndProject
Project("{FAE04EC0-301F-11D3-BF4B-00C04F79EFBC}") = "NonBlankStringList", "NonBlankStringList\NonBlankStringList.csproj", "{53415A21-B31B-44EB-940F-324CA9A6D0D7}"
EndProject
Project("{FAE04EC0-301F-11D3-BF4B-00C04F79EFBC}") = "ObservableCollection", "ObservableCollection\ObservableCollection.csproj", "{96E616BC-5765-4B5C-AEE3-51626512FB60}"
EndProject
Project("{2150E333-8FDC-42A3-9474-1A3956D46DE8}") = "LinkedList", "LinkedList", "{5137ACE6-31D5-4F91-B17C-30BA0DA7F5AB}"
EndProject
Project("{FAE04EC0-301F-11D3-BF4B-00C04F79EFBC}") = "LinkedListDemo", "LinkedListDemo\LinkedListDemo.csproj", "{F64B83CF-9326-4FF5-9C4C-EB2C49F8B3F4}"
EndProject
Project("{2150E333-8FDC-42A3-9474-1A3956D46DE8}") = "Stack", "Stack", "{9353F97E-0809-4D18-AC03-451939639D52}"
EndProject
Project("{FAE04EC0-301F-11D3-BF4B-00C04F79EFBC}") = "Stacks", "Stacks\Stacks.csproj", "{44D4066A-27BC-4B48-AB4E-BF1DA5B7D2DA}"
EndProject
Project("{2150E333-8FDC-42A3-9474-1A3956D46DE8}") = "Queue", "Queue", "{1AB8110B-29FB-4B6A-8530-6DD74F3CFFE3}"
EndProject
Project("{FAE04EC0-301F-11D3-BF4B-00C04F79EFBC}") = "Queues", "Queues\Queues.csproj", "{9D05251A-7923-4C43-BAF1-76F182062909}"
EndProject
Project("{2150E333-8FDC-42A3-9474-1A3956D46DE8}") = "Dictionaries", "Dictionaries", "{4461E83C-BFF2-4B67-AF04-B56A97B157AB}"
EndProject
Project("{FAE04EC0-301F-11D3-BF4B-00C04F79EFBC}") = "PrimeMinistersDictionary", "PrimeMinistersDictionary\PrimeMinistersDictionary.csproj", "{20C76F22-855A-4E6B-9D0E-71F08479476F}"
EndProject
Project("{FAE04EC0-301F-11D3-BF4B-00C04F79EFBC}") = "CompareKeys", "CompareKeys\CompareKeys.csproj", "{05CA578A-7110-4CA8-9898-BEBB280BFE1E}"
EndProject
Project("{FAE04EC0-301F-11D3-BF4B-00C04F79EFBC}") = "ReadOnlyDict", "ReadOnlyDict\ReadOnlyDict.csproj", "{77AB01D0-389B-4693-9311-C275EC9A83E1}"
EndProject
Project("{FAE04EC0-301F-11D3-BF4B-00C04F79EFBC}") = "SortedListDemo", "SortedListDemo\SortedListDemo.csproj", "{6E1DC43C-E71F-4FDC-BE30-B2CA4EA8639D}"
EndProject
Project("{FAE04EC0-301F-11D3-BF4B-00C04F79EFBC}") = "SortedListWithComparer", "SortedListWithComparer\SortedListWithComparer.csproj", "{A37D9F69-15E7-438A-8D0A-97F195014DAD}"
EndProject
Project("{FAE04EC0-301F-11D3-BF4B-00C04F79EFBC}") = "KeyedCollectionDemo", "KeyedCollectionDemo\KeyedCollectionDemo.csproj", "{20195519-624B-460D-A87A-313AA3AB74F4}"
EndProject
Project("{2150E333-8FDC-42A3-9474-1A3956D46DE8}") = "Sets", "Sets", "{77363DFA-B2B3-45DD-BDDF-01A38CEEE257}"
EndProject
Project("{FAE04EC0-301F-11D3-BF4B-00C04F79EFBC}") = "HashSetBasics", "HashSetBasics\HashSetBasics.csproj", "{685C1D03-B88F-437E-99EC-A7810DCBDC1A}"
EndProject
Project("{FAE04EC0-301F-11D3-BF4B-00C04F79EFBC}") = "HashSetComparer", "HashSetComparer\HashSetComparer.csproj", "{F40B1F16-A40D-45AC-B1D2-378CED736B13}"
EndProject
Project("{FAE04EC0-301F-11D3-BF4B-00C04F79EFBC}") = "Intersect", "Intersect\Intersect.csproj", "{6FCD56B5-C6A0-461B-B364-38FE53E0ED6A}"
EndProject
Project("{FAE04EC0-301F-11D3-BF4B-00C04F79EFBC}") = "SetEquals", "SetEquals\SetEquals.csproj", "{8F1D009C-647C-401C-BA9B-B781209A0E04}"
EndProject
Project("{FAE04EC0-301F-11D3-BF4B-00C04F79EFBC}") = "SetComparisons", "SetComparisons\SetComparisons.csproj", "{98C01306-A18E-44F6-B21E-FBD10EA73B08}"
EndProject
Project("{FAE04EC0-301F-11D3-BF4B-00C04F79EFBC}") = "SortedSetDemo", "SortedSetDemo\SortedSetDemo.csproj", "{89773136-6B56-443B-A6ED-1CB024FB345A}"
EndProject
Project("{2150E333-8FDC-42A3-9474-1A3956D46DE8}") = "Enumerators", "Enumerators", "{676F9FEE-1834-4967-98AB-0A218101317E}"
EndProject
Project("{FAE04EC0-301F-11D3-BF4B-00C04F79EFBC}") = "EnumerateItems", "EnumerateItems\EnumerateItems.csproj", "{F251BF73-FEDA-40CC-AA32-76E42A355856}"
EndProject
Project("{FAE04EC0-301F-11D3-BF4B-00C04F79EFBC}") = "Enumerate-While-Changing", "Enumerate-While-Changing\Enumerate-While-Changing.csproj", "{14E66609-9433-446A-8E6C-DB73AC924078}"
EndProject
Project("{FAE04EC0-301F-11D3-BF4B-00C04F79EFBC}") = "Implement-Enumerator", "Implement-Enumerator\Implement-Enumerator.csproj", "{68A4C692-B0AE-44DB-B1B6-931B53FAA635}"
EndProject
Project("{FAE04EC0-301F-11D3-BF4B-00C04F79EFBC}") = "Covariance", "Covariance\Covariance.csproj", "{2C399DD7-D269-4FA8-9F34-889424D5B80C}"
EndProject
Project("{2150E333-8FDC-42A3-9474-1A3956D46DE8}") = "Multidim", "Multidim", "{7E603841-B27F-4F4F-80C0-B5566FA14FFD}"
EndProject
Project("{FAE04EC0-301F-11D3-BF4B-00C04F79EFBC}") = "MultiDimensionalArray", "MultiDimensionalArray\MultiDimensionalArray.csproj", "{35FF6C52-0791-4731-A654-2536F2FB9083}"
EndProject
Global
	GlobalSection(SolutionConfigurationPlatforms) = preSolution
		Debug|Any CPU = Debug|Any CPU
		Release|Any CPU = Release|Any CPU
	EndGlobalSection
	GlobalSection(ProjectConfigurationPlatforms) = postSolution
		{B6D3F9EB-87D1-4E4A-B0FD-3CABCF202858}.Debug|Any CPU.ActiveCfg = Debug|Any CPU
		{B6D3F9EB-87D1-4E4A-B0FD-3CABCF202858}.Debug|Any CPU.Build.0 = Debug|Any CPU
		{B6D3F9EB-87D1-4E4A-B0FD-3CABCF202858}.Release|Any CPU.ActiveCfg = Release|Any CPU
		{B6D3F9EB-87D1-4E4A-B0FD-3CABCF202858}.Release|Any CPU.Build.0 = Release|Any CPU
		{4AEC7E4A-BCDD-4B52-891F-57EFF2EF28D4}.Debug|Any CPU.ActiveCfg = Debug|Any CPU
		{4AEC7E4A-BCDD-4B52-891F-57EFF2EF28D4}.Debug|Any CPU.Build.0 = Debug|Any CPU
		{4AEC7E4A-BCDD-4B52-891F-57EFF2EF28D4}.Release|Any CPU.ActiveCfg = Release|Any CPU
		{4AEC7E4A-BCDD-4B52-891F-57EFF2EF28D4}.Release|Any CPU.Build.0 = Release|Any CPU
		{E3CF42BD-859F-4C31-8314-CDFF64C3EF80}.Debug|Any CPU.ActiveCfg = Debug|Any CPU
		{E3CF42BD-859F-4C31-8314-CDFF64C3EF80}.Debug|Any CPU.Build.0 = Debug|Any CPU
		{E3CF42BD-859F-4C31-8314-CDFF64C3EF80}.Release|Any CPU.ActiveCfg = Release|Any CPU
		{E3CF42BD-859F-4C31-8314-CDFF64C3EF80}.Release|Any CPU.Build.0 = Release|Any CPU
		{4926B644-23E7-4930-91A7-A3BFFEBE1D17}.Debug|Any CPU.ActiveCfg = Debug|Any CPU
		{4926B644-23E7-4930-91A7-A3BFFEBE1D17}.Debug|Any CPU.Build.0 = Debug|Any CPU
		{4926B644-23E7-4930-91A7-A3BFFEBE1D17}.Release|Any CPU.ActiveCfg = Release|Any CPU
		{4926B644-23E7-4930-91A7-A3BFFEBE1D17}.Release|Any CPU.Build.0 = Release|Any CPU
		{76BE3585-49F3-40AE-A6BE-A913614ADB9C}.Debug|Any CPU.ActiveCfg = Debug|Any CPU
		{76BE3585-49F3-40AE-A6BE-A913614ADB9C}.Debug|Any CPU.Build.0 = Debug|Any CPU
		{76BE3585-49F3-40AE-A6BE-A913614ADB9C}.Release|Any CPU.ActiveCfg = Release|Any CPU
		{76BE3585-49F3-40AE-A6BE-A913614ADB9C}.Release|Any CPU.Build.0 = Release|Any CPU
		{5E3842F7-DC57-4882-AE54-52763C0912D1}.Debug|Any CPU.ActiveCfg = Debug|Any CPU
		{5E3842F7-DC57-4882-AE54-52763C0912D1}.Debug|Any CPU.Build.0 = Debug|Any CPU
		{5E3842F7-DC57-4882-AE54-52763C0912D1}.Release|Any CPU.ActiveCfg = Release|Any CPU
		{5E3842F7-DC57-4882-AE54-52763C0912D1}.Release|Any CPU.Build.0 = Release|Any CPU
		{E3342674-8E70-4B14-9F84-B6952F9AF96C}.Debug|Any CPU.ActiveCfg = Debug|Any CPU
		{E3342674-8E70-4B14-9F84-B6952F9AF96C}.Debug|Any CPU.Build.0 = Debug|Any CPU
		{E3342674-8E70-4B14-9F84-B6952F9AF96C}.Release|Any CPU.ActiveCfg = Release|Any CPU
		{E3342674-8E70-4B14-9F84-B6952F9AF96C}.Release|Any CPU.Build.0 = Release|Any CPU
		{34AE1AC8-12EE-4B2B-8DF8-45E9558D41E1}.Debug|Any CPU.ActiveCfg = Debug|Any CPU
		{34AE1AC8-12EE-4B2B-8DF8-45E9558D41E1}.Debug|Any CPU.Build.0 = Debug|Any CPU
		{34AE1AC8-12EE-4B2B-8DF8-45E9558D41E1}.Release|Any CPU.ActiveCfg = Release|Any CPU
		{34AE1AC8-12EE-4B2B-8DF8-45E9558D41E1}.Release|Any CPU.Build.0 = Release|Any CPU
		{25FE9699-1963-4ED9-AAD5-0DBB4E2EB233}.Debug|Any CPU.ActiveCfg = Debug|Any CPU
		{25FE9699-1963-4ED9-AAD5-0DBB4E2EB233}.Debug|Any CPU.Build.0 = Debug|Any CPU
		{25FE9699-1963-4ED9-AAD5-0DBB4E2EB233}.Release|Any CPU.ActiveCfg = Release|Any CPU
		{25FE9699-1963-4ED9-AAD5-0DBB4E2EB233}.Release|Any CPU.Build.0 = Release|Any CPU
		{1FFB5B3C-640A-4A34-B7EC-4F5DF7D61EC6}.Debug|Any CPU.ActiveCfg = Debug|Any CPU
		{1FFB5B3C-640A-4A34-B7EC-4F5DF7D61EC6}.Debug|Any CPU.Build.0 = Debug|Any CPU
		{1FFB5B3C-640A-4A34-B7EC-4F5DF7D61EC6}.Release|Any CPU.ActiveCfg = Release|Any CPU
		{1FFB5B3C-640A-4A34-B7EC-4F5DF7D61EC6}.Release|Any CPU.Build.0 = Release|Any CPU
		{17A6121E-2D14-49A1-9E9C-5FBFA959839D}.Debug|Any CPU.ActiveCfg = Debug|Any CPU
		{17A6121E-2D14-49A1-9E9C-5FBFA959839D}.Debug|Any CPU.Build.0 = Debug|Any CPU
		{17A6121E-2D14-49A1-9E9C-5FBFA959839D}.Release|Any CPU.ActiveCfg = Release|Any CPU
		{17A6121E-2D14-49A1-9E9C-5FBFA959839D}.Release|Any CPU.Build.0 = Release|Any CPU
		{510D7BD7-8864-467C-9445-8C607A0E4692}.Debug|Any CPU.ActiveCfg = Debug|Any CPU
		{510D7BD7-8864-467C-9445-8C607A0E4692}.Debug|Any CPU.Build.0 = Debug|Any CPU
		{510D7BD7-8864-467C-9445-8C607A0E4692}.Release|Any CPU.ActiveCfg = Release|Any CPU
		{510D7BD7-8864-467C-9445-8C607A0E4692}.Release|Any CPU.Build.0 = Release|Any CPU
		{C0A0BB45-273A-4703-AA9E-011DFFD9ABCA}.Debug|Any CPU.ActiveCfg = Debug|Any CPU
		{C0A0BB45-273A-4703-AA9E-011DFFD9ABCA}.Debug|Any CPU.Build.0 = Debug|Any CPU
		{C0A0BB45-273A-4703-AA9E-011DFFD9ABCA}.Release|Any CPU.ActiveCfg = Release|Any CPU
		{C0A0BB45-273A-4703-AA9E-011DFFD9ABCA}.Release|Any CPU.Build.0 = Release|Any CPU
		{DE0ED009-F5C6-4F99-97F5-E599EAB598BA}.Debug|Any CPU.ActiveCfg = Debug|Any CPU
		{DE0ED009-F5C6-4F99-97F5-E599EAB598BA}.Debug|Any CPU.Build.0 = Debug|Any CPU
		{DE0ED009-F5C6-4F99-97F5-E599EAB598BA}.Release|Any CPU.ActiveCfg = Release|Any CPU
		{DE0ED009-F5C6-4F99-97F5-E599EAB598BA}.Release|Any CPU.Build.0 = Release|Any CPU
		{962F882E-B3D6-4BD5-9FB7-119731E4B06A}.Debug|Any CPU.ActiveCfg = Debug|Any CPU
		{962F882E-B3D6-4BD5-9FB7-119731E4B06A}.Debug|Any CPU.Build.0 = Debug|Any CPU
		{962F882E-B3D6-4BD5-9FB7-119731E4B06A}.Release|Any CPU.ActiveCfg = Release|Any CPU
		{962F882E-B3D6-4BD5-9FB7-119731E4B06A}.Release|Any CPU.Build.0 = Release|Any CPU
		{53415A21-B31B-44EB-940F-324CA9A6D0D7}.Debug|Any CPU.ActiveCfg = Debug|Any CPU
		{53415A21-B31B-44EB-940F-324CA9A6D0D7}.Debug|Any CPU.Build.0 = Debug|Any CPU
		{53415A21-B31B-44EB-940F-324CA9A6D0D7}.Release|Any CPU.ActiveCfg = Release|Any CPU
		{53415A21-B31B-44EB-940F-324CA9A6D0D7}.Release|Any CPU.Build.0 = Release|Any CPU
		{96E616BC-5765-4B5C-AEE3-51626512FB60}.Debug|Any CPU.ActiveCfg = Debug|Any CPU
		{96E616BC-5765-4B5C-AEE3-51626512FB60}.Debug|Any CPU.Build.0 = Debug|Any CPU
		{96E616BC-5765-4B5C-AEE3-51626512FB60}.Release|Any CPU.ActiveCfg = Release|Any CPU
		{96E616BC-5765-4B5C-AEE3-51626512FB60}.Release|Any CPU.Build.0 = Release|Any CPU
		{F64B83CF-9326-4FF5-9C4C-EB2C49F8B3F4}.Debug|Any CPU.ActiveCfg = Debug|Any CPU
		{F64B83CF-9326-4FF5-9C4C-EB2C49F8B3F4}.Debug|Any CPU.Build.0 = Debug|Any CPU
		{F64B83CF-9326-4FF5-9C4C-EB2C49F8B3F4}.Release|Any CPU.ActiveCfg = Release|Any CPU
		{F64B83CF-9326-4FF5-9C4C-EB2C49F8B3F4}.Release|Any CPU.Build.0 = Release|Any CPU
		{44D4066A-27BC-4B48-AB4E-BF1DA5B7D2DA}.Debug|Any CPU.ActiveCfg = Debug|Any CPU
		{44D4066A-27BC-4B48-AB4E-BF1DA5B7D2DA}.Debug|Any CPU.Build.0 = Debug|Any CPU
		{44D4066A-27BC-4B48-AB4E-BF1DA5B7D2DA}.Release|Any CPU.ActiveCfg = Release|Any CPU
		{44D4066A-27BC-4B48-AB4E-BF1DA5B7D2DA}.Release|Any CPU.Build.0 = Release|Any CPU
		{9D05251A-7923-4C43-BAF1-76F182062909}.Debug|Any CPU.ActiveCfg = Debug|Any CPU
		{9D05251A-7923-4C43-BAF1-76F182062909}.Debug|Any CPU.Build.0 = Debug|Any CPU
		{9D05251A-7923-4C43-BAF1-76F182062909}.Release|Any CPU.ActiveCfg = Release|Any CPU
		{9D05251A-7923-4C43-BAF1-76F182062909}.Release|Any CPU.Build.0 = Release|Any CPU
		{20C76F22-855A-4E6B-9D0E-71F08479476F}.Debug|Any CPU.ActiveCfg = Debug|Any CPU
		{20C76F22-855A-4E6B-9D0E-71F08479476F}.Debug|Any CPU.Build.0 = Debug|Any CPU
		{20C76F22-855A-4E6B-9D0E-71F08479476F}.Release|Any CPU.ActiveCfg = Release|Any CPU
		{20C76F22-855A-4E6B-9D0E-71F08479476F}.Release|Any CPU.Build.0 = Release|Any CPU
		{05CA578A-7110-4CA8-9898-BEBB280BFE1E}.Debug|Any CPU.ActiveCfg = Debug|Any CPU
		{05CA578A-7110-4CA8-9898-BEBB280BFE1E}.Debug|Any CPU.Build.0 = Debug|Any CPU
		{05CA578A-7110-4CA8-9898-BEBB280BFE1E}.Release|Any CPU.ActiveCfg = Release|Any CPU
		{05CA578A-7110-4CA8-9898-BEBB280BFE1E}.Release|Any CPU.Build.0 = Release|Any CPU
		{77AB01D0-389B-4693-9311-C275EC9A83E1}.Debug|Any CPU.ActiveCfg = Debug|Any CPU
		{77AB01D0-389B-4693-9311-C275EC9A83E1}.Debug|Any CPU.Build.0 = Debug|Any CPU
		{77AB01D0-389B-4693-9311-C275EC9A83E1}.Release|Any CPU.ActiveCfg = Release|Any CPU
		{77AB01D0-389B-4693-9311-C275EC9A83E1}.Release|Any CPU.Build.0 = Release|Any CPU
		{6E1DC43C-E71F-4FDC-BE30-B2CA4EA8639D}.Debug|Any CPU.ActiveCfg = Debug|Any CPU
		{6E1DC43C-E71F-4FDC-BE30-B2CA4EA8639D}.Debug|Any CPU.Build.0 = Debug|Any CPU
		{6E1DC43C-E71F-4FDC-BE30-B2CA4EA8639D}.Release|Any CPU.ActiveCfg = Release|Any CPU
		{6E1DC43C-E71F-4FDC-BE30-B2CA4EA8639D}.Release|Any CPU.Build.0 = Release|Any CPU
		{A37D9F69-15E7-438A-8D0A-97F195014DAD}.Debug|Any CPU.ActiveCfg = Debug|Any CPU
		{A37D9F69-15E7-438A-8D0A-97F195014DAD}.Debug|Any CPU.Build.0 = Debug|Any CPU
		{A37D9F69-15E7-438A-8D0A-97F195014DAD}.Release|Any CPU.ActiveCfg = Release|Any CPU
		{A37D9F69-15E7-438A-8D0A-97F195014DAD}.Release|Any CPU.Build.0 = Release|Any CPU
		{20195519-624B-460D-A87A-313AA3AB74F4}.Debug|Any CPU.ActiveCfg = Debug|Any CPU
		{20195519-624B-460D-A87A-313AA3AB74F4}.Debug|Any CPU.Build.0 = Debug|Any CPU
		{20195519-624B-460D-A87A-313AA3AB74F4}.Release|Any CPU.ActiveCfg = Release|Any CPU
		{20195519-624B-460D-A87A-313AA3AB74F4}.Release|Any CPU.Build.0 = Release|Any CPU
		{685C1D03-B88F-437E-99EC-A7810DCBDC1A}.Debug|Any CPU.ActiveCfg = Debug|Any CPU
		{685C1D03-B88F-437E-99EC-A7810DCBDC1A}.Debug|Any CPU.Build.0 = Debug|Any CPU
		{685C1D03-B88F-437E-99EC-A7810DCBDC1A}.Release|Any CPU.ActiveCfg = Release|Any CPU
		{685C1D03-B88F-437E-99EC-A7810DCBDC1A}.Release|Any CPU.Build.0 = Release|Any CPU
		{F40B1F16-A40D-45AC-B1D2-378CED736B13}.Debug|Any CPU.ActiveCfg = Debug|Any CPU
		{F40B1F16-A40D-45AC-B1D2-378CED736B13}.Debug|Any CPU.Build.0 = Debug|Any CPU
		{F40B1F16-A40D-45AC-B1D2-378CED736B13}.Release|Any CPU.ActiveCfg = Release|Any CPU
		{F40B1F16-A40D-45AC-B1D2-378CED736B13}.Release|Any CPU.Build.0 = Release|Any CPU
		{6FCD56B5-C6A0-461B-B364-38FE53E0ED6A}.Debug|Any CPU.ActiveCfg = Debug|Any CPU
		{6FCD56B5-C6A0-461B-B364-38FE53E0ED6A}.Debug|Any CPU.Build.0 = Debug|Any CPU
		{6FCD56B5-C6A0-461B-B364-38FE53E0ED6A}.Release|Any CPU.ActiveCfg = Release|Any CPU
		{6FCD56B5-C6A0-461B-B364-38FE53E0ED6A}.Release|Any CPU.Build.0 = Release|Any CPU
		{8F1D009C-647C-401C-BA9B-B781209A0E04}.Debug|Any CPU.ActiveCfg = Debug|Any CPU
		{8F1D009C-647C-401C-BA9B-B781209A0E04}.Debug|Any CPU.Build.0 = Debug|Any CPU
		{8F1D009C-647C-401C-BA9B-B781209A0E04}.Release|Any CPU.ActiveCfg = Release|Any CPU
		{8F1D009C-647C-401C-BA9B-B781209A0E04}.Release|Any CPU.Build.0 = Release|Any CPU
		{98C01306-A18E-44F6-B21E-FBD10EA73B08}.Debug|Any CPU.ActiveCfg = Debug|Any CPU
		{98C01306-A18E-44F6-B21E-FBD10EA73B08}.Debug|Any CPU.Build.0 = Debug|Any CPU
		{98C01306-A18E-44F6-B21E-FBD10EA73B08}.Release|Any CPU.ActiveCfg = Release|Any CPU
		{98C01306-A18E-44F6-B21E-FBD10EA73B08}.Release|Any CPU.Build.0 = Release|Any CPU
		{89773136-6B56-443B-A6ED-1CB024FB345A}.Debug|Any CPU.ActiveCfg = Debug|Any CPU
		{89773136-6B56-443B-A6ED-1CB024FB345A}.Debug|Any CPU.Build.0 = Debug|Any CPU
		{89773136-6B56-443B-A6ED-1CB024FB345A}.Release|Any CPU.ActiveCfg = Release|Any CPU
		{89773136-6B56-443B-A6ED-1CB024FB345A}.Release|Any CPU.Build.0 = Release|Any CPU
		{F251BF73-FEDA-40CC-AA32-76E42A355856}.Debug|Any CPU.ActiveCfg = Debug|Any CPU
		{F251BF73-FEDA-40CC-AA32-76E42A355856}.Debug|Any CPU.Build.0 = Debug|Any CPU
		{F251BF73-FEDA-40CC-AA32-76E42A355856}.Release|Any CPU.ActiveCfg = Release|Any CPU
		{F251BF73-FEDA-40CC-AA32-76E42A355856}.Release|Any CPU.Build.0 = Release|Any CPU
		{14E66609-9433-446A-8E6C-DB73AC924078}.Debug|Any CPU.ActiveCfg = Debug|Any CPU
		{14E66609-9433-446A-8E6C-DB73AC924078}.Debug|Any CPU.Build.0 = Debug|Any CPU
		{14E66609-9433-446A-8E6C-DB73AC924078}.Release|Any CPU.ActiveCfg = Release|Any CPU
		{14E66609-9433-446A-8E6C-DB73AC924078}.Release|Any CPU.Build.0 = Release|Any CPU
		{68A4C692-B0AE-44DB-B1B6-931B53FAA635}.Debug|Any CPU.ActiveCfg = Debug|Any CPU
		{68A4C692-B0AE-44DB-B1B6-931B53FAA635}.Debug|Any CPU.Build.0 = Debug|Any CPU
		{68A4C692-B0AE-44DB-B1B6-931B53FAA635}.Release|Any CPU.ActiveCfg = Release|Any CPU
		{68A4C692-B0AE-44DB-B1B6-931B53FAA635}.Release|Any CPU.Build.0 = Release|Any CPU
		{2C399DD7-D269-4FA8-9F34-889424D5B80C}.Debug|Any CPU.ActiveCfg = Debug|Any CPU
		{2C399DD7-D269-4FA8-9F34-889424D5B80C}.Debug|Any CPU.Build.0 = Debug|Any CPU
		{2C399DD7-D269-4FA8-9F34-889424D5B80C}.Release|Any CPU.ActiveCfg = Release|Any CPU
		{2C399DD7-D269-4FA8-9F34-889424D5B80C}.Release|Any CPU.Build.0 = Release|Any CPU
		{35FF6C52-0791-4731-A654-2536F2FB9083}.Debug|Any CPU.ActiveCfg = Debug|Any CPU
		{35FF6C52-0791-4731-A654-2536F2FB9083}.Debug|Any CPU.Build.0 = Debug|Any CPU
		{35FF6C52-0791-4731-A654-2536F2FB9083}.Release|Any CPU.ActiveCfg = Release|Any CPU
		{35FF6C52-0791-4731-A654-2536F2FB9083}.Release|Any CPU.Build.0 = Release|Any CPU
	EndGlobalSection
	GlobalSection(SolutionProperties) = preSolution
		HideSolutionNode = FALSE
	EndGlobalSection
	GlobalSection(NestedProjects) = preSolution
		{B6D3F9EB-87D1-4E4A-B0FD-3CABCF202858} = {059427BF-4E39-4CA5-825F-978755BB5C4E}
		{4AEC7E4A-BCDD-4B52-891F-57EFF2EF28D4} = {059427BF-4E39-4CA5-825F-978755BB5C4E}
		{E3CF42BD-859F-4C31-8314-CDFF64C3EF80} = {059427BF-4E39-4CA5-825F-978755BB5C4E}
		{4926B644-23E7-4930-91A7-A3BFFEBE1D17} = {059427BF-4E39-4CA5-825F-978755BB5C4E}
		{76BE3585-49F3-40AE-A6BE-A913614ADB9C} = {059427BF-4E39-4CA5-825F-978755BB5C4E}
		{5E3842F7-DC57-4882-AE54-52763C0912D1} = {059427BF-4E39-4CA5-825F-978755BB5C4E}
		{E3342674-8E70-4B14-9F84-B6952F9AF96C} = {059427BF-4E39-4CA5-825F-978755BB5C4E}
		{34AE1AC8-12EE-4B2B-8DF8-45E9558D41E1} = {059427BF-4E39-4CA5-825F-978755BB5C4E}
		{25FE9699-1963-4ED9-AAD5-0DBB4E2EB233} = {059427BF-4E39-4CA5-825F-978755BB5C4E}
		{1FFB5B3C-640A-4A34-B7EC-4F5DF7D61EC6} = {059427BF-4E39-4CA5-825F-978755BB5C4E}
		{17A6121E-2D14-49A1-9E9C-5FBFA959839D} = {059427BF-4E39-4CA5-825F-978755BB5C4E}
		{510D7BD7-8864-467C-9445-8C607A0E4692} = {059427BF-4E39-4CA5-825F-978755BB5C4E}
		{C0A0BB45-273A-4703-AA9E-011DFFD9ABCA} = {059427BF-4E39-4CA5-825F-978755BB5C4E}
		{DE0ED009-F5C6-4F99-97F5-E599EAB598BA} = {059427BF-4E39-4CA5-825F-978755BB5C4E}
		{962F882E-B3D6-4BD5-9FB7-119731E4B06A} = {059427BF-4E39-4CA5-825F-978755BB5C4E}
		{53415A21-B31B-44EB-940F-324CA9A6D0D7} = {059427BF-4E39-4CA5-825F-978755BB5C4E}
		{96E616BC-5765-4B5C-AEE3-51626512FB60} = {059427BF-4E39-4CA5-825F-978755BB5C4E}
		{F64B83CF-9326-4FF5-9C4C-EB2C49F8B3F4} = {5137ACE6-31D5-4F91-B17C-30BA0DA7F5AB}
		{44D4066A-27BC-4B48-AB4E-BF1DA5B7D2DA} = {9353F97E-0809-4D18-AC03-451939639D52}
		{9D05251A-7923-4C43-BAF1-76F182062909} = {1AB8110B-29FB-4B6A-8530-6DD74F3CFFE3}
		{20C76F22-855A-4E6B-9D0E-71F08479476F} = {4461E83C-BFF2-4B67-AF04-B56A97B157AB}
		{05CA578A-7110-4CA8-9898-BEBB280BFE1E} = {4461E83C-BFF2-4B67-AF04-B56A97B157AB}
		{77AB01D0-389B-4693-9311-C275EC9A83E1} = {4461E83C-BFF2-4B67-AF04-B56A97B157AB}
		{6E1DC43C-E71F-4FDC-BE30-B2CA4EA8639D} = {4461E83C-BFF2-4B67-AF04-B56A97B157AB}
		{A37D9F69-15E7-438A-8D0A-97F195014DAD} = {4461E83C-BFF2-4B67-AF04-B56A97B157AB}
		{20195519-624B-460D-A87A-313AA3AB74F4} = {4461E83C-BFF2-4B67-AF04-B56A97B157AB}
		{685C1D03-B88F-437E-99EC-A7810DCBDC1A} = {77363DFA-B2B3-45DD-BDDF-01A38CEEE257}
		{F40B1F16-A40D-45AC-B1D2-378CED736B13} = {77363DFA-B2B3-45DD-BDDF-01A38CEEE257}
		{6FCD56B5-C6A0-461B-B364-38FE53E0ED6A} = {77363DFA-B2B3-45DD-BDDF-01A38CEEE257}
		{8F1D009C-647C-401C-BA9B-B781209A0E04} = {77363DFA-B2B3-45DD-BDDF-01A38CEEE257}
		{98C01306-A18E-44F6-B21E-FBD10EA73B08} = {77363DFA-B2B3-45DD-BDDF-01A38CEEE257}
		{89773136-6B56-443B-A6ED-1CB024FB345A} = {77363DFA-B2B3-45DD-BDDF-01A38CEEE257}
		{F251BF73-FEDA-40CC-AA32-76E42A355856} = {676F9FEE-1834-4967-98AB-0A218101317E}
		{14E66609-9433-446A-8E6C-DB73AC924078} = {676F9FEE-1834-4967-98AB-0A218101317E}
		{68A4C692-B0AE-44DB-B1B6-931B53FAA635} = {676F9FEE-1834-4967-98AB-0A218101317E}
		{2C399DD7-D269-4FA8-9F34-889424D5B80C} = {676F9FEE-1834-4967-98AB-0A218101317E}
		{35FF6C52-0791-4731-A654-2536F2FB9083} = {7E603841-B27F-4F4F-80C0-B5566FA14FFD}
	EndGlobalSection
EndGlobal
