
Microsoft Visual Studio Solution File, Format Version 12.00
# Visual Studio 14
VisualStudioVersion = 14.0.25420.1
MinimumVisualStudioVersion = 10.0.40219.1
Project("{FAE04EC0-301F-11D3-BF4B-00C04F79EFBC}") = "Library", "Library\Library.csproj", "{A87C3DFC-E8CC-4884-A96E-148DBDA53B75}"
EndProject
Project("{FAE04EC0-301F-11D3-BF4B-00C04F79EFBC}") = "OutputViewer", "OutputViewer\OutputViewer.csproj", "{C4F76E6D-BF64-4AEC-9E00-C74337A5C84D}"
EndProject
Global
	GlobalSection(SolutionConfigurationPlatforms) = preSolution
		Debug|Any CPU = Debug|Any CPU
		Release|Any CPU = Release|Any CPU
	EndGlobalSection
	GlobalSection(ProjectConfigurationPlatforms) = postSolution
		{A87C3DFC-E8CC-4884-A96E-148DBDA53B75}.Debug|Any CPU.ActiveCfg = Debug|Any CPU
		{A87C3DFC-E8CC-4884-A96E-148DBDA53B75}.Debug|Any CPU.Build.0 = Debug|Any CPU
		{A87C3DFC-E8CC-4884-A96E-148DBDA53B75}.Release|Any CPU.ActiveCfg = Release|Any CPU
		{A87C3DFC-E8CC-4884-A96E-148DBDA53B75}.Release|Any CPU.Build.0 = Release|Any CPU
		{C4F76E6D-BF64-4AEC-9E00-C74337A5C84D}.Debug|Any CPU.ActiveCfg = Debug|Any CPU
		{C4F76E6D-BF64-4AEC-9E00-C74337A5C84D}.Debug|Any CPU.Build.0 = Debug|Any CPU
		{C4F76E6D-BF64-4AEC-9E00-C74337A5C84D}.Release|Any CPU.ActiveCfg = Release|Any CPU
		{C4F76E6D-BF64-4AEC-9E00-C74337A5C84D}.Release|Any CPU.Build.0 = Release|Any CPU
	EndGlobalSection
	GlobalSection(SolutionProperties) = preSolution
		HideSolutionNode = FALSE
	EndGlobalSection
EndGlobal
